// !$*UTF8*$!
{
	archiveVersion = 1;
	classes = {
	};
	objectVersion = 50;
	objects = {

/* Begin PBXBuildFile section */
		0FCE4FE5265E8F0200F212EB /* LinkedList.swift in Sources */ = {isa = PBXBuildFile; fileRef = 0FCE4FE4265E8F0200F212EB /* LinkedList.swift */; };
		EB3A4407262F1008008CD32B /* Swift_Coding_ChallengeApp.swift in Sources */ = {isa = PBXBuildFile; fileRef = EB3A4406262F1008008CD32B /* Swift_Coding_ChallengeApp.swift */; };
		EB3A4409262F1008008CD32B /* ContentView.swift in Sources */ = {isa = PBXBuildFile; fileRef = EB3A4408262F1008008CD32B /* ContentView.swift */; };
		EB3A440B262F100B008CD32B /* Assets.xcassets in Resources */ = {isa = PBXBuildFile; fileRef = EB3A440A262F100B008CD32B /* Assets.xcassets */; };
		EB3A440E262F100B008CD32B /* Preview Assets.xcassets in Resources */ = {isa = PBXBuildFile; fileRef = EB3A440D262F100B008CD32B /* Preview Assets.xcassets */; };
		EB3A4419262F100B008CD32B /* Swift_Coding_ChallengeTests.swift in Sources */ = {isa = PBXBuildFile; fileRef = EB3A4418262F100B008CD32B /* Swift_Coding_ChallengeTests.swift */; };
		EB3A4424262F100B008CD32B /* Swift_Coding_ChallengeUITests.swift in Sources */ = {isa = PBXBuildFile; fileRef = EB3A4423262F100B008CD32B /* Swift_Coding_ChallengeUITests.swift */; };
		EB3A4435262F10A8008CD32B /* Challenges.swift in Sources */ = {isa = PBXBuildFile; fileRef = EB3A4434262F10A8008CD32B /* Challenges.swift */; };
/* End PBXBuildFile section */

/* Begin PBXContainerItemProxy section */
		EB3A4415262F100B008CD32B /* PBXContainerItemProxy */ = {
			isa = PBXContainerItemProxy;
			containerPortal = EB3A43FB262F1008008CD32B /* Project object */;
			proxyType = 1;
			remoteGlobalIDString = EB3A4402262F1008008CD32B;
			remoteInfo = Swift_Coding_Challenge;
		};
		EB3A4420262F100B008CD32B /* PBXContainerItemProxy */ = {
			isa = PBXContainerItemProxy;
			containerPortal = EB3A43FB262F1008008CD32B /* Project object */;
			proxyType = 1;
			remoteGlobalIDString = EB3A4402262F1008008CD32B;
			remoteInfo = Swift_Coding_Challenge;
		};
/* End PBXContainerItemProxy section */

/* Begin PBXFileReference section */
		0FCE4FE4265E8F0200F212EB /* LinkedList.swift */ = {isa = PBXFileReference; lastKnownFileType = sourcecode.swift; path = LinkedList.swift; sourceTree = "<group>"; };
		EB3A4403262F1008008CD32B /* Swift_Coding_Challenge.app */ = {isa = PBXFileReference; explicitFileType = wrapper.application; includeInIndex = 0; path = Swift_Coding_Challenge.app; sourceTree = BUILT_PRODUCTS_DIR; };
		EB3A4406262F1008008CD32B /* Swift_Coding_ChallengeApp.swift */ = {isa = PBXFileReference; lastKnownFileType = sourcecode.swift; path = Swift_Coding_ChallengeApp.swift; sourceTree = "<group>"; };
		EB3A4408262F1008008CD32B /* ContentView.swift */ = {isa = PBXFileReference; lastKnownFileType = sourcecode.swift; path = ContentView.swift; sourceTree = "<group>"; };
		EB3A440A262F100B008CD32B /* Assets.xcassets */ = {isa = PBXFileReference; lastKnownFileType = folder.assetcatalog; path = Assets.xcassets; sourceTree = "<group>"; };
		EB3A440D262F100B008CD32B /* Preview Assets.xcassets */ = {isa = PBXFileReference; lastKnownFileType = folder.assetcatalog; path = "Preview Assets.xcassets"; sourceTree = "<group>"; };
		EB3A440F262F100B008CD32B /* Info.plist */ = {isa = PBXFileReference; lastKnownFileType = text.plist.xml; path = Info.plist; sourceTree = "<group>"; };
		EB3A4414262F100B008CD32B /* Swift_Coding_ChallengeTests.xctest */ = {isa = PBXFileReference; explicitFileType = wrapper.cfbundle; includeInIndex = 0; path = Swift_Coding_ChallengeTests.xctest; sourceTree = BUILT_PRODUCTS_DIR; };
		EB3A4418262F100B008CD32B /* Swift_Coding_ChallengeTests.swift */ = {isa = PBXFileReference; lastKnownFileType = sourcecode.swift; path = Swift_Coding_ChallengeTests.swift; sourceTree = "<group>"; };
		EB3A441A262F100B008CD32B /* Info.plist */ = {isa = PBXFileReference; lastKnownFileType = text.plist.xml; path = Info.plist; sourceTree = "<group>"; };
		EB3A441F262F100B008CD32B /* Swift_Coding_ChallengeUITests.xctest */ = {isa = PBXFileReference; explicitFileType = wrapper.cfbundle; includeInIndex = 0; path = Swift_Coding_ChallengeUITests.xctest; sourceTree = BUILT_PRODUCTS_DIR; };
		EB3A4423262F100B008CD32B /* Swift_Coding_ChallengeUITests.swift */ = {isa = PBXFileReference; lastKnownFileType = sourcecode.swift; path = Swift_Coding_ChallengeUITests.swift; sourceTree = "<group>"; };
		EB3A4425262F100B008CD32B /* Info.plist */ = {isa = PBXFileReference; lastKnownFileType = text.plist.xml; path = Info.plist; sourceTree = "<group>"; };
		EB3A4434262F10A8008CD32B /* Challenges.swift */ = {isa = PBXFileReference; lastKnownFileType = sourcecode.swift; path = Challenges.swift; sourceTree = "<group>"; };
/* End PBXFileReference section */

/* Begin PBXFrameworksBuildPhase section */
		EB3A4400262F1008008CD32B /* Frameworks */ = {
			isa = PBXFrameworksBuildPhase;
			buildActionMask = 2147483647;
			files = (
			);
			runOnlyForDeploymentPostprocessing = 0;
		};
		EB3A4411262F100B008CD32B /* Frameworks */ = {
			isa = PBXFrameworksBuildPhase;
			buildActionMask = 2147483647;
			files = (
			);
			runOnlyForDeploymentPostprocessing = 0;
		};
		EB3A441C262F100B008CD32B /* Frameworks */ = {
			isa = PBXFrameworksBuildPhase;
			buildActionMask = 2147483647;
			files = (
			);
			runOnlyForDeploymentPostprocessing = 0;
		};
/* End PBXFrameworksBuildPhase section */

/* Begin PBXGroup section */
		EB3A43FA262F1008008CD32B = {
			isa = PBXGroup;
			children = (
				EB3A4405262F1008008CD32B /* Swift_Coding_Challenge */,
				EB3A4417262F100B008CD32B /* Swift_Coding_ChallengeTests */,
				EB3A4422262F100B008CD32B /* Swift_Coding_ChallengeUITests */,
				EB3A4404262F1008008CD32B /* Products */,
			);
			sourceTree = "<group>";
		};
		EB3A4404262F1008008CD32B /* Products */ = {
			isa = PBXGroup;
			children = (
				EB3A4403262F1008008CD32B /* Swift_Coding_Challenge.app */,
				EB3A4414262F100B008CD32B /* Swift_Coding_ChallengeTests.xctest */,
				EB3A441F262F100B008CD32B /* Swift_Coding_ChallengeUITests.xctest */,
			);
			name = Products;
			sourceTree = "<group>";
		};
		EB3A4405262F1008008CD32B /* Swift_Coding_Challenge */ = {
			isa = PBXGroup;
			children = (
				EB3A4434262F10A8008CD32B /* Challenges.swift */,
				0FCE4FE4265E8F0200F212EB /* LinkedList.swift */,
				EB3A4406262F1008008CD32B /* Swift_Coding_ChallengeApp.swift */,
				EB3A4408262F1008008CD32B /* ContentView.swift */,
				EB3A440A262F100B008CD32B /* Assets.xcassets */,
				EB3A440F262F100B008CD32B /* Info.plist */,
				EB3A440C262F100B008CD32B /* Preview Content */,
			);
			path = Swift_Coding_Challenge;
			sourceTree = "<group>";
		};
		EB3A440C262F100B008CD32B /* Preview Content */ = {
			isa = PBXGroup;
			children = (
				EB3A440D262F100B008CD32B /* Preview Assets.xcassets */,
			);
			path = "Preview Content";
			sourceTree = "<group>";
		};
		EB3A4417262F100B008CD32B /* Swift_Coding_ChallengeTests */ = {
			isa = PBXGroup;
			children = (
				EB3A4418262F100B008CD32B /* Swift_Coding_ChallengeTests.swift */,
				EB3A441A262F100B008CD32B /* Info.plist */,
			);
			path = Swift_Coding_ChallengeTests;
			sourceTree = "<group>";
		};
		EB3A4422262F100B008CD32B /* Swift_Coding_ChallengeUITests */ = {
			isa = PBXGroup;
			children = (
				EB3A4423262F100B008CD32B /* Swift_Coding_ChallengeUITests.swift */,
				EB3A4425262F100B008CD32B /* Info.plist */,
			);
			path = Swift_Coding_ChallengeUITests;
			sourceTree = "<group>";
		};
/* End PBXGroup section */

/* Begin PBXNativeTarget section */
		EB3A4402262F1008008CD32B /* Swift_Coding_Challenge */ = {
			isa = PBXNativeTarget;
			buildConfigurationList = EB3A4428262F100B008CD32B /* Build configuration list for PBXNativeTarget "Swift_Coding_Challenge" */;
			buildPhases = (
				EB3A43FF262F1008008CD32B /* Sources */,
				EB3A4400262F1008008CD32B /* Frameworks */,
				EB3A4401262F1008008CD32B /* Resources */,
			);
			buildRules = (
			);
			dependencies = (
			);
			name = Swift_Coding_Challenge;
			productName = Swift_Coding_Challenge;
			productReference = EB3A4403262F1008008CD32B /* Swift_Coding_Challenge.app */;
			productType = "com.apple.product-type.application";
		};
		EB3A4413262F100B008CD32B /* Swift_Coding_ChallengeTests */ = {
			isa = PBXNativeTarget;
			buildConfigurationList = EB3A442B262F100B008CD32B /* Build configuration list for PBXNativeTarget "Swift_Coding_ChallengeTests" */;
			buildPhases = (
				EB3A4410262F100B008CD32B /* Sources */,
				EB3A4411262F100B008CD32B /* Frameworks */,
				EB3A4412262F100B008CD32B /* Resources */,
			);
			buildRules = (
			);
			dependencies = (
				EB3A4416262F100B008CD32B /* PBXTargetDependency */,
			);
			name = Swift_Coding_ChallengeTests;
			productName = Swift_Coding_ChallengeTests;
			productReference = EB3A4414262F100B008CD32B /* Swift_Coding_ChallengeTests.xctest */;
			productType = "com.apple.product-type.bundle.unit-test";
		};
		EB3A441E262F100B008CD32B /* Swift_Coding_ChallengeUITests */ = {
			isa = PBXNativeTarget;
			buildConfigurationList = EB3A442E262F100B008CD32B /* Build configuration list for PBXNativeTarget "Swift_Coding_ChallengeUITests" */;
			buildPhases = (
				EB3A441B262F100B008CD32B /* Sources */,
				EB3A441C262F100B008CD32B /* Frameworks */,
				EB3A441D262F100B008CD32B /* Resources */,
			);
			buildRules = (
			);
			dependencies = (
				EB3A4421262F100B008CD32B /* PBXTargetDependency */,
			);
			name = Swift_Coding_ChallengeUITests;
			productName = Swift_Coding_ChallengeUITests;
			productReference = EB3A441F262F100B008CD32B /* Swift_Coding_ChallengeUITests.xctest */;
			productType = "com.apple.product-type.bundle.ui-testing";
		};
/* End PBXNativeTarget section */

/* Begin PBXProject section */
		EB3A43FB262F1008008CD32B /* Project object */ = {
			isa = PBXProject;
			attributes = {
				LastSwiftUpdateCheck = 1230;
				LastUpgradeCheck = 1230;
				TargetAttributes = {
					EB3A4402262F1008008CD32B = {
						CreatedOnToolsVersion = 12.3;
					};
					EB3A4413262F100B008CD32B = {
						CreatedOnToolsVersion = 12.3;
						TestTargetID = EB3A4402262F1008008CD32B;
					};
					EB3A441E262F100B008CD32B = {
						CreatedOnToolsVersion = 12.3;
						TestTargetID = EB3A4402262F1008008CD32B;
					};
				};
			};
			buildConfigurationList = EB3A43FE262F1008008CD32B /* Build configuration list for PBXProject "Swift_Coding_Challenge" */;
			compatibilityVersion = "Xcode 9.3";
			developmentRegion = en;
			hasScannedForEncodings = 0;
			knownRegions = (
				en,
				Base,
			);
			mainGroup = EB3A43FA262F1008008CD32B;
			productRefGroup = EB3A4404262F1008008CD32B /* Products */;
			projectDirPath = "";
			projectRoot = "";
			targets = (
				EB3A4402262F1008008CD32B /* Swift_Coding_Challenge */,
				EB3A4413262F100B008CD32B /* Swift_Coding_ChallengeTests */,
				EB3A441E262F100B008CD32B /* Swift_Coding_ChallengeUITests */,
			);
		};
/* End PBXProject section */

/* Begin PBXResourcesBuildPhase section */
		EB3A4401262F1008008CD32B /* Resources */ = {
			isa = PBXResourcesBuildPhase;
			buildActionMask = 2147483647;
			files = (
				EB3A440E262F100B008CD32B /* Preview Assets.xcassets in Resources */,
				EB3A440B262F100B008CD32B /* Assets.xcassets in Resources */,
			);
			runOnlyForDeploymentPostprocessing = 0;
		};
		EB3A4412262F100B008CD32B /* Resources */ = {
			isa = PBXResourcesBuildPhase;
			buildActionMask = 2147483647;
			files = (
			);
			runOnlyForDeploymentPostprocessing = 0;
		};
		EB3A441D262F100B008CD32B /* Resources */ = {
			isa = PBXResourcesBuildPhase;
			buildActionMask = 2147483647;
			files = (
			);
			runOnlyForDeploymentPostprocessing = 0;
		};
/* End PBXResourcesBuildPhase section */

/* Begin PBXSourcesBuildPhase section */
		EB3A43FF262F1008008CD32B /* Sources */ = {
			isa = PBXSourcesBuildPhase;
			buildActionMask = 2147483647;
			files = (
				0FCE4FE5265E8F0200F212EB /* LinkedList.swift in Sources */,
				EB3A4409262F1008008CD32B /* ContentView.swift in Sources */,
				EB3A4407262F1008008CD32B /* Swift_Coding_ChallengeApp.swift in Sources */,
				EB3A4435262F10A8008CD32B /* Challenges.swift in Sources */,
			);
			runOnlyForDeploymentPostprocessing = 0;
		};
		EB3A4410262F100B008CD32B /* Sources */ = {
			isa = PBXSourcesBuildPhase;
			buildActionMask = 2147483647;
			files = (
				EB3A4419262F100B008CD32B /* Swift_Coding_ChallengeTests.swift in Sources */,
			);
			runOnlyForDeploymentPostprocessing = 0;
		};
		EB3A441B262F100B008CD32B /* Sources */ = {
			isa = PBXSourcesBuildPhase;
			buildActionMask = 2147483647;
			files = (
				EB3A4424262F100B008CD32B /* Swift_Coding_ChallengeUITests.swift in Sources */,
			);
			runOnlyForDeploymentPostprocessing = 0;
		};
/* End PBXSourcesBuildPhase section */

/* Begin PBXTargetDependency section */
		EB3A4416262F100B008CD32B /* PBXTargetDependency */ = {
			isa = PBXTargetDependency;
			target = EB3A4402262F1008008CD32B /* Swift_Coding_Challenge */;
			targetProxy = EB3A4415262F100B008CD32B /* PBXContainerItemProxy */;
		};
		EB3A4421262F100B008CD32B /* PBXTargetDependency */ = {
			isa = PBXTargetDependency;
			target = EB3A4402262F1008008CD32B /* Swift_Coding_Challenge */;
			targetProxy = EB3A4420262F100B008CD32B /* PBXContainerItemProxy */;
		};
/* End PBXTargetDependency section */

/* Begin XCBuildConfiguration section */
		EB3A4426262F100B008CD32B /* Debug */ = {
			isa = XCBuildConfiguration;
			buildSettings = {
				ALWAYS_SEARCH_USER_PATHS = NO;
				CLANG_ANALYZER_NONNULL = YES;
				CLANG_ANALYZER_NUMBER_OBJECT_CONVERSION = YES_AGGRESSIVE;
				CLANG_CXX_LANGUAGE_STANDARD = "gnu++14";
				CLANG_CXX_LIBRARY = "libc++";
				CLANG_ENABLE_MODULES = YES;
				CLANG_ENABLE_OBJC_ARC = YES;
				CLANG_ENABLE_OBJC_WEAK = YES;
				CLANG_WARN_BLOCK_CAPTURE_AUTORELEASING = YES;
				CLANG_WARN_BOOL_CONVERSION = YES;
				CLANG_WARN_COMMA = YES;
				CLANG_WARN_CONSTANT_CONVERSION = YES;
				CLANG_WARN_DEPRECATED_OBJC_IMPLEMENTATIONS = YES;
				CLANG_WARN_DIRECT_OBJC_ISA_USAGE = YES_ERROR;
				CLANG_WARN_DOCUMENTATION_COMMENTS = YES;
				CLANG_WARN_EMPTY_BODY = YES;
				CLANG_WARN_ENUM_CONVERSION = YES;
				CLANG_WARN_INFINITE_RECURSION = YES;
				CLANG_WARN_INT_CONVERSION = YES;
				CLANG_WARN_NON_LITERAL_NULL_CONVERSION = YES;
				CLANG_WARN_OBJC_IMPLICIT_RETAIN_SELF = YES;
				CLANG_WARN_OBJC_LITERAL_CONVERSION = YES;
				CLANG_WARN_OBJC_ROOT_CLASS = YES_ERROR;
				CLANG_WARN_QUOTED_INCLUDE_IN_FRAMEWORK_HEADER = YES;
				CLANG_WARN_RANGE_LOOP_ANALYSIS = YES;
				CLANG_WARN_STRICT_PROTOTYPES = YES;
				CLANG_WARN_SUSPICIOUS_MOVE = YES;
				CLANG_WARN_UNGUARDED_AVAILABILITY = YES_AGGRESSIVE;
				CLANG_WARN_UNREACHABLE_CODE = YES;
				CLANG_WARN__DUPLICATE_METHOD_MATCH = YES;
				COPY_PHASE_STRIP = NO;
				DEBUG_INFORMATION_FORMAT = dwarf;
				ENABLE_STRICT_OBJC_MSGSEND = YES;
				ENABLE_TESTABILITY = YES;
				GCC_C_LANGUAGE_STANDARD = gnu11;
				GCC_DYNAMIC_NO_PIC = NO;
				GCC_NO_COMMON_BLOCKS = YES;
				GCC_OPTIMIZATION_LEVEL = 0;
				GCC_PREPROCESSOR_DEFINITIONS = (
					"DEBUG=1",
					"$(inherited)",
				);
				GCC_WARN_64_TO_32_BIT_CONVERSION = YES;
				GCC_WARN_ABOUT_RETURN_TYPE = YES_ERROR;
				GCC_WARN_UNDECLARED_SELECTOR = YES;
				GCC_WARN_UNINITIALIZED_AUTOS = YES_AGGRESSIVE;
				GCC_WARN_UNUSED_FUNCTION = YES;
				GCC_WARN_UNUSED_VARIABLE = YES;
				IPHONEOS_DEPLOYMENT_TARGET = 14.3;
				MTL_ENABLE_DEBUG_INFO = INCLUDE_SOURCE;
				MTL_FAST_MATH = YES;
				ONLY_ACTIVE_ARCH = YES;
				SDKROOT = iphoneos;
				SWIFT_ACTIVE_COMPILATION_CONDITIONS = DEBUG;
				SWIFT_OPTIMIZATION_LEVEL = "-Onone";
			};
			name = Debug;
		};
		EB3A4427262F100B008CD32B /* Release */ = {
			isa = XCBuildConfiguration;
			buildSettings = {
				ALWAYS_SEARCH_USER_PATHS = NO;
				CLANG_ANALYZER_NONNULL = YES;
				CLANG_ANALYZER_NUMBER_OBJECT_CONVERSION = YES_AGGRESSIVE;
				CLANG_CXX_LANGUAGE_STANDARD = "gnu++14";
				CLANG_CXX_LIBRARY = "libc++";
				CLANG_ENABLE_MODULES = YES;
				CLANG_ENABLE_OBJC_ARC = YES;
				CLANG_ENABLE_OBJC_WEAK = YES;
				CLANG_WARN_BLOCK_CAPTURE_AUTORELEASING = YES;
				CLANG_WARN_BOOL_CONVERSION = YES;
				CLANG_WARN_COMMA = YES;
				CLANG_WARN_CONSTANT_CONVERSION = YES;
				CLANG_WARN_DEPRECATED_OBJC_IMPLEMENTATIONS = YES;
				CLANG_WARN_DIRECT_OBJC_ISA_USAGE = YES_ERROR;
				CLANG_WARN_DOCUMENTATION_COMMENTS = YES;
				CLANG_WARN_EMPTY_BODY = YES;
				CLANG_WARN_ENUM_CONVERSION = YES;
				CLANG_WARN_INFINITE_RECURSION = YES;
				CLANG_WARN_INT_CONVERSION = YES;
				CLANG_WARN_NON_LITERAL_NULL_CONVERSION = YES;
				CLANG_WARN_OBJC_IMPLICIT_RETAIN_SELF = YES;
				CLANG_WARN_OBJC_LITERAL_CONVERSION = YES;
				CLANG_WARN_OBJC_ROOT_CLASS = YES_ERROR;
				CLANG_WARN_QUOTED_INCLUDE_IN_FRAMEWORK_HEADER = YES;
				CLANG_WARN_RANGE_LOOP_ANALYSIS = YES;
				CLANG_WARN_STRICT_PROTOTYPES = YES;
				CLANG_WARN_SUSPICIOUS_MOVE = YES;
				CLANG_WARN_UNGUARDED_AVAILABILITY = YES_AGGRESSIVE;
				CLANG_WARN_UNREACHABLE_CODE = YES;
				CLANG_WARN__DUPLICATE_METHOD_MATCH = YES;
				COPY_PHASE_STRIP = NO;
				DEBUG_INFORMATION_FORMAT = "dwarf-with-dsym";
				ENABLE_NS_ASSERTIONS = NO;
				ENABLE_STRICT_OBJC_MSGSEND = YES;
				GCC_C_LANGUAGE_STANDARD = gnu11;
				GCC_NO_COMMON_BLOCKS = YES;
				GCC_WARN_64_TO_32_BIT_CONVERSION = YES;
				GCC_WARN_ABOUT_RETURN_TYPE = YES_ERROR;
				GCC_WARN_UNDECLARED_SELECTOR = YES;
				GCC_WARN_UNINITIALIZED_AUTOS = YES_AGGRESSIVE;
				GCC_WARN_UNUSED_FUNCTION = YES;
				GCC_WARN_UNUSED_VARIABLE = YES;
				IPHONEOS_DEPLOYMENT_TARGET = 14.3;
				MTL_ENABLE_DEBUG_INFO = NO;
				MTL_FAST_MATH = YES;
				SDKROOT = iphoneos;
				SWIFT_COMPILATION_MODE = wholemodule;
				SWIFT_OPTIMIZATION_LEVEL = "-O";
				VALIDATE_PRODUCT = YES;
			};
			name = Release;
		};
		EB3A4429262F100B008CD32B /* Debug */ = {
			isa = XCBuildConfiguration;
			buildSettings = {
				ASSETCATALOG_COMPILER_APPICON_NAME = AppIcon;
				ASSETCATALOG_COMPILER_GLOBAL_ACCENT_COLOR_NAME = AccentColor;
				CODE_SIGN_STYLE = Automatic;
				DEVELOPMENT_ASSET_PATHS = "\"Swift_Coding_Challenge/Preview Content\"";
				ENABLE_PREVIEWS = YES;
				INFOPLIST_FILE = Swift_Coding_Challenge/Info.plist;
				IPHONEOS_DEPLOYMENT_TARGET = 14.0;
				LD_RUNPATH_SEARCH_PATHS = (
					"$(inherited)",
					"@executable_path/Frameworks",
				);
				PRODUCT_BUNDLE_IDENTIFIER = "lccj.Swift-Coding-Challenge";
				PRODUCT_NAME = "$(TARGET_NAME)";
				SWIFT_VERSION = 5.0;
				TARGETED_DEVICE_FAMILY = "1,2";
			};
			name = Debug;
		};
		EB3A442A262F100B008CD32B /* Release */ = {
			isa = XCBuildConfiguration;
			buildSettings = {
				ASSETCATALOG_COMPILER_APPICON_NAME = AppIcon;
				ASSETCATALOG_COMPILER_GLOBAL_ACCENT_COLOR_NAME = AccentColor;
				CODE_SIGN_STYLE = Automatic;
				DEVELOPMENT_ASSET_PATHS = "\"Swift_Coding_Challenge/Preview Content\"";
				ENABLE_PREVIEWS = YES;
				INFOPLIST_FILE = Swift_Coding_Challenge/Info.plist;
				IPHONEOS_DEPLOYMENT_TARGET = 14.0;
				LD_RUNPATH_SEARCH_PATHS = (
					"$(inherited)",
					"@executable_path/Frameworks",
				);
				PRODUCT_BUNDLE_IDENTIFIER = "lccj.Swift-Coding-Challenge";
				PRODUCT_NAME = "$(TARGET_NAME)";
				SWIFT_VERSION = 5.0;
				TARGETED_DEVICE_FAMILY = "1,2";
			};
			name = Release;
		};
		EB3A442C262F100B008CD32B /* Debug */ = {
			isa = XCBuildConfiguration;
			buildSettings = {
				ALWAYS_EMBED_SWIFT_STANDARD_LIBRARIES = YES;
				BUNDLE_LOADER = "$(TEST_HOST)";
				CODE_SIGN_STYLE = Automatic;
				INFOPLIST_FILE = Swift_Coding_ChallengeTests/Info.plist;
				IPHONEOS_DEPLOYMENT_TARGET = 14.0;
				LD_RUNPATH_SEARCH_PATHS = (
					"$(inherited)",
					"@executable_path/Frameworks",
					"@loader_path/Frameworks",
				);
				PRODUCT_BUNDLE_IDENTIFIER = "lccj.Swift-Coding-ChallengeTests";
				PRODUCT_NAME = "$(TARGET_NAME)";
				SWIFT_VERSION = 5.0;
				TARGETED_DEVICE_FAMILY = "1,2";
				TEST_HOST = "$(BUILT_PRODUCTS_DIR)/Swift_Coding_Challenge.app/Swift_Coding_Challenge";
			};
			name = Debug;
		};
		EB3A442D262F100B008CD32B /* Release */ = {
			isa = XCBuildConfiguration;
			buildSettings = {
				ALWAYS_EMBED_SWIFT_STANDARD_LIBRARIES = YES;
				BUNDLE_LOADER = "$(TEST_HOST)";
				CODE_SIGN_STYLE = Automatic;
				INFOPLIST_FILE = Swift_Coding_ChallengeTests/Info.plist;
				IPHONEOS_DEPLOYMENT_TARGET = 14.0;
				LD_RUNPATH_SEARCH_PATHS = (
					"$(inherited)",
					"@executable_path/Frameworks",
					"@loader_path/Frameworks",
				);
				PRODUCT_BUNDLE_IDENTIFIER = "lccj.Swift-Coding-ChallengeTests";
				PRODUCT_NAME = "$(TARGET_NAME)";
				SWIFT_VERSION = 5.0;
				TARGETED_DEVICE_FAMILY = "1,2";
				TEST_HOST = "$(BUILT_PRODUCTS_DIR)/Swift_Coding_Challenge.app/Swift_Coding_Challenge";
			};
			name = Release;
		};
		EB3A442F262F100B008CD32B /* Debug */ = {
			isa = XCBuildConfiguration;
			buildSettings = {
				ALWAYS_EMBED_SWIFT_STANDARD_LIBRARIES = YES;
				CODE_SIGN_STYLE = Automatic;
				INFOPLIST_FILE = Swift_Coding_ChallengeUITests/Info.plist;
				LD_RUNPATH_SEARCH_PATHS = (
					"$(inherited)",
					"@executable_path/Frameworks",
					"@loader_path/Frameworks",
				);
				PRODUCT_BUNDLE_IDENTIFIER = "lccj.Swift-Coding-ChallengeUITests";
				PRODUCT_NAME = "$(TARGET_NAME)";
				SWIFT_VERSION = 5.0;
				TARGETED_DEVICE_FAMILY = "1,2";
				TEST_TARGET_NAME = Swift_Coding_Challenge;
			};
			name = Debug;
		};
		EB3A4430262F100B008CD32B /* Release */ = {
			isa = XCBuildConfiguration;
			buildSettings = {
				ALWAYS_EMBED_SWIFT_STANDARD_LIBRARIES = YES;
				CODE_SIGN_STYLE = Automatic;
				INFOPLIST_FILE = Swift_Coding_ChallengeUITests/Info.plist;
				LD_RUNPATH_SEARCH_PATHS = (
					"$(inherited)",
					"@executable_path/Frameworks",
					"@loader_path/Frameworks",
				);
				PRODUCT_BUNDLE_IDENTIFIER = "lccj.Swift-Coding-ChallengeUITests";
				PRODUCT_NAME = "$(TARGET_NAME)";
				SWIFT_VERSION = 5.0;
				TARGETED_DEVICE_FAMILY = "1,2";
				TEST_TARGET_NAME = Swift_Coding_Challenge;
			};
			name = Release;
		};
/* End XCBuildConfiguration section */

/* Begin XCConfigurationList section */
		EB3A43FE262F1008008CD32B /* Build configuration list for PBXProject "Swift_Coding_Challenge" */ = {
			isa = XCConfigurationList;
			buildConfigurations = (
				EB3A4426262F100B008CD32B /* Debug */,
				EB3A4427262F100B008CD32B /* Release */,
			);
			defaultConfigurationIsVisible = 0;
			defaultConfigurationName = Release;
		};
		EB3A4428262F100B008CD32B /* Build configuration list for PBXNativeTarget "Swift_Coding_Challenge" */ = {
			isa = XCConfigurationList;
			buildConfigurations = (
				EB3A4429262F100B008CD32B /* Debug */,
				EB3A442A262F100B008CD32B /* Release */,
			);
			defaultConfigurationIsVisible = 0;
			defaultConfigurationName = Release;
		};
		EB3A442B262F100B008CD32B /* Build configuration list for PBXNativeTarget "Swift_Coding_ChallengeTests" */ = {
			isa = XCConfigurationList;
			buildConfigurations = (
				EB3A442C262F100B008CD32B /* Debug */,
				EB3A442D262F100B008CD32B /* Release */,
			);
			defaultConfigurationIsVisible = 0;
			defaultConfigurationName = Release;
		};
		EB3A442E262F100B008CD32B /* Build configuration list for PBXNativeTarget "Swift_Coding_ChallengeUITests" */ = {
			isa = XCConfigurationList;
			buildConfigurations = (
				EB3A442F262F100B008CD32B /* Debug */,
				EB3A4430262F100B008CD32B /* Release */,
			);
			defaultConfigurationIsVisible = 0;
			defaultConfigurationName = Release;
		};
/* End XCConfigurationList section */
	};
	rootObject = EB3A43FB262F1008008CD32B /* Project object */;
}
